PODS:
  - Alamofire (4.5.0)
  - AnimatedCollectionViewLayout (0.3.0)
  - Cartography (1.1.0)
  - ChameleonFramework (2.1.0):
    - ChameleonFramework/Default (= 2.1.0)
  - ChameleonFramework/Default (2.1.0)
  - CircleMenu (2.0.5)
  - Crashlytics (3.8.5):
    - Fabric (~> 1.6.3)
  - CRToast (0.0.9)
  - expanding-collection (1.0.4)
  - Fabric (1.6.12)
  - Firebase/Core (4.1.0):
    - FirebaseAnalytics (= 4.0.3)
    - FirebaseCore (= 4.0.5)
  - Firebase/DynamicLinks (4.1.0):
    - Firebase/Core
    - FirebaseDynamicLinks (= 2.1.0)
  - Firebase/Messaging (4.1.0):
    - Firebase/Core
    - FirebaseMessaging (= 2.0.1)
  - FirebaseAnalytics (4.0.3):
    - FirebaseCore (~> 4.0)
    - FirebaseInstanceID (~> 2.0)
    - GoogleToolboxForMac/NSData+zlib (~> 2.1)
    - nanopb (~> 0.3)
  - FirebaseCore (4.0.5):
    - GoogleToolboxForMac/NSData+zlib (~> 2.1)
    - nanopb (~> 0.3)
  - FirebaseDynamicLinks (2.1.0):
    - FirebaseAnalytics (~> 4.0)
  - FirebaseInstanceID (2.0.1):
    - FirebaseCore (~> 4.0)
  - FirebaseMessaging (2.0.1):
    - FirebaseAnalytics (~> 4.0)
    - FirebaseCore (~> 4.0)
    - FirebaseInstanceID (~> 2.0)
    - GoogleToolboxForMac/Logger (~> 2.1)
    - Protobuf (~> 3.1)
  - FLAnimatedImage (1.0.12)
  - GoogleToolboxForMac/Defines (2.1.1)
  - GoogleToolboxForMac/Logger (2.1.1):
    - GoogleToolboxForMac/Defines (= 2.1.1)
  - GoogleToolboxForMac/NSData+zlib (2.1.1):
    - GoogleToolboxForMac/Defines (= 2.1.1)
  - GuillotineMenu (3.0.1)
  - Hero (0.3.6)
  - Highlighter (1.1.0)
  - Hue (2.0.1)
  - JTMaterialTransition (2.0.1)
  - Koloda (4.1):
    - pop (~> 1.0)
  - LTMorphingLabel (0.5.2)
  - MarqueeLabel/Swift (3.1.2)
  - MIBlurPopup (0.1.1)
  - MXParallaxHeader (0.6.1)
  - nanopb (0.3.8):
    - nanopb/decode (= 0.3.8)
    - nanopb/encode (= 0.3.8)
  - nanopb/decode (0.3.8)
  - nanopb/encode (0.3.8)
  - NotificationBannerSwift (1.4.2):
    - MarqueeLabel/Swift
    - SnapKit (~> 3.2)
  - NVActivityIndicatorView (3.7.0):
    - NVActivityIndicatorView/Presenter (= 3.7.0)
  - NVActivityIndicatorView/Presenter (3.7.0)
  - Pages (1.0.0)
  - Pastel (0.3.0)
  - PickColor (0.2.0)
  - pop (1.0.10)
  - PopupDialog (0.5.4)
  - Presentation (3.1.0):
    - Cartography
    - Pages
  - PreviewTransition (2.0.1)
  - Protobuf (3.4.0)
  - RAMAnimatedTabBarController (2.2.1)
  - Realm (2.10.0):
    - Realm/Headers (= 2.10.0)
  - Realm/Headers (2.10.0)
  - RealmSwift (2.10.0):
    - Realm (= 2.10.0)
  - Reveal-SDK (10)
  - RQShineLabel (0.1.3)
  - SDWebImage (4.1.0):
    - SDWebImage/Core (= 4.1.0)
  - SDWebImage/Core (4.1.0)
  - SideMenu (2.3.3)
  - SnapKit (3.2.0)
  - Spring (1.0.3)
  - SwiftyAttributes (3.1.0)
  - SwiftyJSON (3.1.4)
  - SwiftyStoreKit (0.10.7)
  - TKRubberPageControl (1.3.1)
  - YNDropDownMenu (2.3.3)
  - YNExpandableCell (1.1.0)
  - ZCAnimatedLabel (0.0.4)

DEPENDENCIES:
  - Alamofire (~> 4.3)
  - AnimatedCollectionViewLayout
  - ChameleonFramework
  - CircleMenu (~> 2.0.1)
  - Crashlytics
  - CRToast (~> 0.0.7)
  - expanding-collection (~> 1.0.3)
  - Fabric
  - Firebase/Core
  - Firebase/DynamicLinks
  - Firebase/Messaging
  - FLAnimatedImage
  - GuillotineMenu (~> 3.0)
  - Hero
  - Highlighter
  - Hue
  - JTMaterialTransition
  - Koloda
  - LTMorphingLabel
  - MIBlurPopup
  - MXParallaxHeader
  - NotificationBannerSwift
  - NVActivityIndicatorView
  - Pastel
  - PickColor
  - PopupDialog
  - Presentation
  - PreviewTransition
  - RAMAnimatedTabBarController
  - RealmSwift
  - Reveal-SDK
  - RQShineLabel
  - SDWebImage
  - SideMenu
  - SnapKit
  - Spring (from `https://github.com/MengTo/Spring.git`, branch `swift3`)
  - SwiftyAttributes
  - SwiftyJSON
  - SwiftyStoreKit
  - TKRubberPageControl
  - YNDropDownMenu
  - YNExpandableCell
  - ZCAnimatedLabel

EXTERNAL SOURCES:
  Spring:
    :branch: swift3
    :git: https://github.com/MengTo/Spring.git

CHECKOUT OPTIONS:
  Spring:
    :commit: 8201b5c93bd7ebdf4cd18160bcde1e6e88c2be64
    :git: https://github.com/MengTo/Spring.git

SPEC CHECKSUMS:
  Alamofire: f28cdffd29de33a7bfa022cbd63ae95a27fae140
  AnimatedCollectionViewLayout: 504b992a4258eb39d2dd2b2b48e84b4b95860fd7
  Cartography: '0538ccb4044acbbda2266335fc58cb4228794d90'
  ChameleonFramework: d21a3cc247abfe5e37609a283a8238b03575cf64
  CircleMenu: 7cef16b4401de5b545e5f06d720cb202ec64800d
  Crashlytics: dfbae35ef22ca189240d230ad501feea4ee85d2d
  CRToast: 5a78c22b921c5ed3487488af605bc403a9c92fed
  expanding-collection: be78b5822d7382d3da02b52d52273f4661567a64
  Fabric: f050464eac45a2ce5a8e6e6a07e977c0df32fe28
  Firebase: ebebf41db7f10e0c7668b6eaaa857fbe599aa478
  FirebaseAnalytics: 76f754d37ca5b04f36856729b6af3ca0152d1069
  FirebaseCore: 7d876ea97a830cbe62ba7fbbe7670c833a324ba0
  FirebaseDynamicLinks: ed4cb6c42705aaa5e841ed2d76e3a4bddbec10c1
  FirebaseInstanceID: 0500e3cb54a1a4e01a8cffcc09323b8bb8fc7e1e
  FirebaseMessaging: b45ff9ef5d932600d3f78ff43168e7c5707aa7dc
  FLAnimatedImage: 4a0b56255d9b05f18b6dd7ee06871be5d3b89e31
  GoogleToolboxForMac: 8e329f1b599f2512c6b10676d45736bcc2cbbeb0
  GuillotineMenu: d186bcb1b827d9c2b8da564bc4535a0c4413acb1
  Hero: d3c6f4dd80cdcdbb339be64e57ae3b5c3ab9938c
  Highlighter: 1777a033225cc5f546b700876df20f7d76de8888
  Hue: 354caec055fdc9d38b5ef33ca2e7224721843baf
  JTMaterialTransition: 2350b44b404d1982a7ba755866cc65da452f4eec
  Koloda: 6c4fa3ce9a68776a8ef973311e53fdda432799a8
  LTMorphingLabel: 56e735bee0c89691e715ee6818d827115e7e48a0
  MarqueeLabel: fcd7057a779422d86589be759036f1510b08c6a0
  MIBlurPopup: debbc8f4f631809797140d37b5476745a61e90be
  MXParallaxHeader: 858c403532ed933b381556a81ce333d7065ad182
  nanopb: 5601e6bca2dbf1ed831b519092ec110f66982ca3
  NotificationBannerSwift: 23be55635199b78cd34ea63f980718f85011ad73
  NVActivityIndicatorView: d3738df7e2e476aca0ba6bf32a8c9fbcfc33d64b
  Pages: f3718e6f03a5e2787f6b0bff4becb3c7c19bcebc
  Pastel: 738740c84f2b15bbcd96ebe99c4e6c2f5dd42262
  PickColor: 7a3578e02d3b1da6fed15a90d39b257e9bf9be4a
  pop: 82ca6b068ce9278fd350fd9dd09482a0ce9492e6
  PopupDialog: 75cf955693590b0cb2fdde00223fb65d99c57247
  Presentation: c6276289c0786e6edaad45782259cd8af031db06
  PreviewTransition: 2f612e341ccae573a1c08b8521fe19a28fe5d763
  Protobuf: 03eef2ee0b674770735cf79d9c4d3659cf6908e8
  RAMAnimatedTabBarController: 42c2ed8b5ff35db372cbe56a0a02dbbe3999668b
  Realm: 98b3a25643cf6b3e07d2b99fb43fe0eb9c801dec
  RealmSwift: 34073ad3a31232bbaf7c0db898c037940284cba2
  Reveal-SDK: 7869ddf1f902cabbb07a1f0dd06bd25861a126f7
  RQShineLabel: ae66343d6c779a8efdf61241734ddcec5d79d351
  SDWebImage: 0e435c14e402a6730315a0fb79f95e68654d55a4
  SideMenu: a447554ae5c982e8077666389e1c8b0c8656e065
  SnapKit: 1ca44df72cfa543218d177cb8aab029d10d86ea7
  Spring: 3f02b5dc3308572ef177b3cad0fa7bbc4b0706f7
  SwiftyAttributes: f337a324cd21f1b18782ab85d3478ccae73f7593
  SwiftyJSON: c2842d878f95482ffceec5709abc3d05680c0220
  SwiftyStoreKit: b13badd58fe138e258d04dec7bc1c9b092351af6
  TKRubberPageControl: 28fd820fa39f2da2794536583c5054e48de3067c
  YNDropDownMenu: daf148f5d89c47d0514b1622eee2c35b9c58951f
  YNExpandableCell: 47bf7cff721aa535c0e9e1163bf22b5573441bb4
  ZCAnimatedLabel: 519b688bef4403fd356bc785f9b61cdfd8e6472d

PODFILE CHECKSUM: 37cbaabec8c35bacaa7efe1f8e36c3411f1c35cc

COCOAPODS: 1.2.1
