PODS:
  - Alamofire (4.4.0)
  - AnimatedCollectionViewLayout (0.3.0)
  - Cartography (1.1.0)
  - ChameleonFramework (2.1.0):
    - ChameleonFramework/Default (= 2.1.0)
  - ChameleonFramework/Default (2.1.0)
  - CircleMenu (2.0.5)
  - Crashlytics (3.8.4):
    - Fabric (~> 1.6.3)
  - CRToast (0.0.9)
  - expanding-collection (1.0.4)
  - Fabric (1.6.11)
  - Firebase/Core (4.0.2):
    - FirebaseAnalytics (= 4.0.1)
    - FirebaseCore (= 4.0.2)
  - Firebase/DynamicLinks (4.0.2):
    - Firebase/Core
    - FirebaseDynamicLinks (= 2.0.0)
  - Firebase/Messaging (4.0.2):
    - Firebase/Core
    - FirebaseMessaging (= 2.0.0)
  - FirebaseAnalytics (4.0.1):
    - FirebaseCore (~> 4.0)
    - FirebaseInstanceID (~> 2.0)
    - GoogleToolboxForMac/NSData+zlib (~> 2.1)
  - FirebaseCore (4.0.2):
    - GoogleToolboxForMac/NSData+zlib (~> 2.1)
  - FirebaseDynamicLinks (2.0.0):
    - FirebaseAnalytics (~> 4.0)
  - FirebaseInstanceID (2.0.0):
    - FirebaseCore (~> 4.0)
  - FirebaseMessaging (2.0.0):
    - FirebaseAnalytics (~> 4.0)
    - FirebaseCore (~> 4.0)
    - FirebaseInstanceID (~> 2.0)
    - GoogleToolboxForMac/Logger (~> 2.1)
    - Protobuf (~> 3.1)
  - FLAnimatedImage (1.0.12)
  - GoogleToolboxForMac/Defines (2.1.1)
  - GoogleToolboxForMac/Logger (2.1.1):
    - GoogleToolboxForMac/Defines (= 2.1.1)
  - GoogleToolboxForMac/NSData+zlib (2.1.1):
    - GoogleToolboxForMac/Defines (= 2.1.1)
  - GuillotineMenu (3.0.1)
  - Hero (0.3.6)
  - Highlighter (1.1.0)
  - Hue (1.2.0)
  - JTMaterialTransition (2.0.1)
  - Koloda (4.1):
    - pop (~> 1.0)
  - LTMorphingLabel (0.5.0)
  - MarqueeLabel/Swift (3.1.0)
  - MIBlurPopup (0.1.1)
  - MXParallaxHeader (0.6.1)
  - NotificationBannerSwift (1.3.1):
    - MarqueeLabel/Swift
    - SnapKit (~> 3.2)
  - NVActivityIndicatorView (3.6.1)
  - Pages (1.0.0)
  - Pastel (0.3.0)
  - PickColor (0.2.0)
  - pop (1.0.9)
  - PopupDialog (0.5.4)
  - Presentation (3.1.0):
    - Cartography
    - Pages
  - PreviewTransition (2.0.1)
  - Protobuf (3.3.0)
  - RAMAnimatedTabBarController (2.2.0)
  - Realm (2.8.0):
    - Realm/Headers (= 2.8.0)
  - Realm/Headers (2.8.0)
  - RealmSwift (2.8.0):
    - Realm (= 2.8.0)
  - Reveal-SDK (8)
  - RQShineLabel (0.1.3)
  - SDWebImage (4.0.0):
    - SDWebImage/Core (= 4.0.0)
  - SDWebImage/Core (4.0.0)
  - SideMenu (2.3.2)
  - SnapKit (3.2.0)
  - Spring (1.0.3)
  - SwiftyAttributes (3.1.0)
  - SwiftyJSON (3.1.4)
  - SwiftyStoreKit (0.10.3)
  - TKRubberPageControl (1.3.1)
  - YNDropDownMenu (2.3.2)
  - YNExpandableCell (1.1.0)
  - ZCAnimatedLabel (0.0.4)

DEPENDENCIES:
  - Alamofire (~> 4.3)
  - AnimatedCollectionViewLayout
  - ChameleonFramework
  - CircleMenu (~> 2.0.1)
  - Crashlytics
  - CRToast (~> 0.0.7)
  - expanding-collection (~> 1.0.3)
  - Fabric
  - Firebase/Core
  - Firebase/DynamicLinks
  - Firebase/Messaging
  - FLAnimatedImage
  - GuillotineMenu (~> 3.0)
  - Hero
  - Highlighter
  - Hue (from `https://github.com/hyperoslo/Hue`, branch `swift3`)
  - JTMaterialTransition
  - Koloda
  - LTMorphingLabel
  - MIBlurPopup
  - MXParallaxHeader
  - NotificationBannerSwift
  - NVActivityIndicatorView
  - Pastel
  - PickColor
  - PopupDialog
  - Presentation
  - PreviewTransition
  - RAMAnimatedTabBarController
  - RealmSwift
  - Reveal-SDK
  - RQShineLabel
  - SDWebImage
  - SideMenu
  - SnapKit
  - Spring (from `https://github.com/MengTo/Spring.git`, branch `swift3`)
  - SwiftyAttributes
  - SwiftyJSON
  - SwiftyStoreKit
  - TKRubberPageControl
  - YNDropDownMenu
  - YNExpandableCell
  - ZCAnimatedLabel

EXTERNAL SOURCES:
  Hue:
    :branch: swift3
    :git: https://github.com/hyperoslo/Hue
  Spring:
    :branch: swift3
    :git: https://github.com/MengTo/Spring.git

CHECKOUT OPTIONS:
  Hue:
    :commit: 3303cbcdf0f771aea1a6d1a153e4b95eef8696eb
    :git: https://github.com/hyperoslo/Hue
  Spring:
    :commit: 8201b5c93bd7ebdf4cd18160bcde1e6e88c2be64
    :git: https://github.com/MengTo/Spring.git

SPEC CHECKSUMS:
  Alamofire: dc44b1600b800eb63da6a19039a0083d62a6a62d
  AnimatedCollectionViewLayout: 504b992a4258eb39d2dd2b2b48e84b4b95860fd7
  Cartography: '0538ccb4044acbbda2266335fc58cb4228794d90'
  ChameleonFramework: d21a3cc247abfe5e37609a283a8238b03575cf64
  CircleMenu: 7cef16b4401de5b545e5f06d720cb202ec64800d
  Crashlytics: 79e236942ca1e7fc641df1feb9a275360a78ab6a
  CRToast: 5a78c22b921c5ed3487488af605bc403a9c92fed
  expanding-collection: be78b5822d7382d3da02b52d52273f4661567a64
  Fabric: 5911403591946b8228ab1c51d98f1d7137e863c6
  Firebase: c7ad0731eab26d18a3fc547dd048b0f7cd9c63ae
  FirebaseAnalytics: 4d7040fefc3cd8b291cde35f12cf063d7963f15d
  FirebaseCore: 1a8bf6c795ad07d2918278657954ffd2552e9c17
  FirebaseDynamicLinks: ad3bef2e8addfa1490af9db02201429c5c9447dd
  FirebaseInstanceID: 9fbf536668f4d3f0880e7438456dabd1376e294b
  FirebaseMessaging: 227406c05b0dc9290702d2e9f18ab5528f0c2cf2
  FLAnimatedImage: 4a0b56255d9b05f18b6dd7ee06871be5d3b89e31
  GoogleToolboxForMac: 8e329f1b599f2512c6b10676d45736bcc2cbbeb0
  GuillotineMenu: d186bcb1b827d9c2b8da564bc4535a0c4413acb1
  Hero: d3c6f4dd80cdcdbb339be64e57ae3b5c3ab9938c
  Highlighter: 1777a033225cc5f546b700876df20f7d76de8888
  Hue: '0705083b7aff40334033373e6293ec1215285ac2'
  JTMaterialTransition: 2350b44b404d1982a7ba755866cc65da452f4eec
  Koloda: 6c4fa3ce9a68776a8ef973311e53fdda432799a8
  LTMorphingLabel: bc170be74b219b7dae0e5543a44676d16da70ff7
  MarqueeLabel: 061d04687ee5485ac035b45c8e292274a87afe01
  MIBlurPopup: debbc8f4f631809797140d37b5476745a61e90be
  MXParallaxHeader: 858c403532ed933b381556a81ce333d7065ad182
  NotificationBannerSwift: ab2e9fdd17b74464bf1a3c115327407e91d4b16c
  NVActivityIndicatorView: 9f52a7f84bf5c6a798722c450fe3c198e01c56ed
  Pages: f3718e6f03a5e2787f6b0bff4becb3c7c19bcebc
  Pastel: 738740c84f2b15bbcd96ebe99c4e6c2f5dd42262
  PickColor: 7a3578e02d3b1da6fed15a90d39b257e9bf9be4a
  pop: f667631a5108a2e60d9e8797c9b32ddaf2080bce
  PopupDialog: 75cf955693590b0cb2fdde00223fb65d99c57247
  Presentation: c6276289c0786e6edaad45782259cd8af031db06
  PreviewTransition: 2f612e341ccae573a1c08b8521fe19a28fe5d763
  Protobuf: d582fecf68201eac3d79ed61369ef45734394b9c
  RAMAnimatedTabBarController: 4904a0ec08f2a4e935d0d3a5824551a77390b965
  Realm: 929243ad2b618b3232e70658bedc61110e7563f1
  RealmSwift: 5b7079b891f2833d1849294161ba3e092bbda3f6
  Reveal-SDK: 43be4e662864e937960d0d04d005135e29c4e53b
  RQShineLabel: ae66343d6c779a8efdf61241734ddcec5d79d351
  SDWebImage: 76a6348bdc74eb5a55dd08a091ef298e56b55e41
  SideMenu: 3fa07dd05d4bade2b6f9889fb1877e312e1ba319
  SnapKit: 1ca44df72cfa543218d177cb8aab029d10d86ea7
  Spring: 3f02b5dc3308572ef177b3cad0fa7bbc4b0706f7
  SwiftyAttributes: f337a324cd21f1b18782ab85d3478ccae73f7593
  SwiftyJSON: c2842d878f95482ffceec5709abc3d05680c0220
  SwiftyStoreKit: 91c41fb7c09b2937078936054db7b4eb908ed02a
  TKRubberPageControl: 28fd820fa39f2da2794536583c5054e48de3067c
  YNDropDownMenu: 9d9f1ae71a408d0e7c66a55da2a52232545fca5a
  YNExpandableCell: 47bf7cff721aa535c0e9e1163bf22b5573441bb4
  ZCAnimatedLabel: 519b688bef4403fd356bc785f9b61cdfd8e6472d

PODFILE CHECKSUM: 1b0d1773345c891aa384d044c09410ae79d92f14

COCOAPODS: 1.2.1
